{
  "version": "2",
  "remote": {
    "https://deno.land/std@0.164.0/_util/asserts.ts": "d0844e9b62510f89ce1f9878b046f6a57bf88f208a10304aab50efcb48365272",
    "https://deno.land/std@0.164.0/bytes/bytes_list.ts": "aba5e2369e77d426b10af1de0dcc4531acecec27f9b9056f4f7bfbf8ac147ab4",
    "https://deno.land/std@0.164.0/bytes/equals.ts": "3c3558c3ae85526f84510aa2b48ab2ad7bdd899e2e0f5b7a8ffc85acb3a6043a",
    "https://deno.land/std@0.164.0/bytes/mod.ts": "b2e342fd3669176a27a4e15061e9d588b89c1aaf5008ab71766e23669565d179",
    "https://deno.land/std@0.164.0/fmt/colors.ts": "9e36a716611dcd2e4865adea9c4bec916b5c60caad4cdcdc630d4974e6bb8bd4",
    "https://deno.land/std@0.164.0/fs/exists.ts": "6a447912e49eb79cc640adacfbf4b0baf8e17ede6d5bed057062ce33c4fa0d68",
    "https://deno.land/std@0.164.0/io/buffer.ts": "245f1762a949082ddc0a6e9b15589d0be2d29c150266decd04320b8a8318f9f6",
    "https://deno.land/std@0.164.0/io/types.d.ts": "107e1e64834c5ba917c783f446b407d33432c5d612c4b3430df64fc2b4ecf091",
    "https://deno.land/std@0.164.0/log/handlers.ts": "61ab932822ba268ad42b25de6f0014892fe469df7627b14245ad32db6fd8b54d",
    "https://deno.land/std@0.164.0/log/levels.ts": "82c965b90f763b5313e7595d4ba78d5095a13646d18430ebaf547526131604d1",
    "https://deno.land/std@0.164.0/log/logger.ts": "b545159727b023825ee6814d9178fb2a7472f8d95d704c253b771b95c658cf8c",
    "https://deno.land/std@0.164.0/log/mod.ts": "90618a3fdbb4520ed4e7d960665322a3dbfc107eebb3345fe0f36c8c8a7b7962",
    "https://deno.land/std@0.164.0/streams/conversion.ts": "555c6c249f3acf85655f2d0af52d1cb3168e40b1c1fa26beefea501b333abe28",
    "https://deno.land/std@0.168.0/_util/asserts.ts": "d0844e9b62510f89ce1f9878b046f6a57bf88f208a10304aab50efcb48365272",
    "https://deno.land/std@0.168.0/_util/os.ts": "8a33345f74990e627b9dfe2de9b040004b08ea5146c7c9e8fe9a29070d193934",
    "https://deno.land/std@0.168.0/encoding/csv.ts": "13adca08c30da6330dfcf35760630c9006a1ee17fe1887f12557255fd1bf08d0",
    "https://deno.land/std@0.168.0/encoding/csv/_io.ts": "885a8663352d494b984fd9f91605c3dd8831cc2def0d1a3feadb53eb469458c4",
    "https://deno.land/std@0.168.0/encoding/csv/_parser.ts": "dd44e1e6758984fb4aa1c34f8fb6e7db6b8eb4a2e1527d73db6d3b073576131e",
    "https://deno.land/std@0.168.0/flags/mod.ts": "4f50ec6383c02684db35de38b3ffb2cd5b9fcfcc0b1147055d1980c49e82521c",
    "https://deno.land/std@0.168.0/path/_constants.ts": "df1db3ffa6dd6d1252cc9617e5d72165cd2483df90e93833e13580687b6083c3",
    "https://deno.land/std@0.168.0/path/_interface.ts": "ee3b431a336b80cf445441109d089b70d87d5e248f4f90ff906820889ecf8d09",
    "https://deno.land/std@0.168.0/path/_util.ts": "d16be2a16e1204b65f9d0dfc54a9bc472cafe5f4a190b3c8471ec2016ccd1677",
    "https://deno.land/std@0.168.0/path/common.ts": "bee563630abd2d97f99d83c96c2fa0cca7cee103e8cb4e7699ec4d5db7bd2633",
    "https://deno.land/std@0.168.0/path/glob.ts": "81cc6c72be002cd546c7a22d1f263f82f63f37fe0035d9726aa96fc8f6e4afa1",
    "https://deno.land/std@0.168.0/path/mod.ts": "cf7cec7ac11b7048bb66af8ae03513e66595c279c65cfa12bfc07d9599608b78",
    "https://deno.land/std@0.168.0/path/posix.ts": "b859684bc4d80edfd4cad0a82371b50c716330bed51143d6dcdbe59e6278b30c",
    "https://deno.land/std@0.168.0/path/separator.ts": "fe1816cb765a8068afb3e8f13ad272351c85cbc739af56dacfc7d93d710fe0f9",
    "https://deno.land/std@0.168.0/path/win32.ts": "7cebd2bda6657371adc00061a1d23fdd87bcdf64b4843bb148b0b24c11b40f69",
    "https://deno.land/std@0.66.0/_util/assert.ts": "e1f76e77c5ccb5a8e0dbbbe6cce3a56d2556c8cb5a9a8802fc9565af72462149",
    "https://deno.land/std@0.66.0/flags/mod.ts": "11f51e7fec72bfe01d531acb4e0b0ae54115439367377b088b3c6e7e7142918f",
    "https://deno.land/x/csv@v0.8.0/deps.ts": "597e3d0c81eca1c519ce20f0a7ed573d31cfbb5625c5013763550d717ba69dfa",
    "https://deno.land/x/csv@v0.8.0/mod.ts": "2a13285c8716257aa5d6b5021d45c74dcb275eaaa46776106ddf78b071cabd88",
    "https://deno.land/x/csv@v0.8.0/reader.ts": "ad6543223f8d1c17c78b18dbaa464c3d81f7a0970b08aa5fbde9eb48e2a680d1",
    "https://deno.land/x/csv@v0.8.0/utils.ts": "7f2467acb031244c150774b9d6caa5e8c40f9857031a947c6ad20765c5d7bd20",
    "https://deno.land/x/csv@v0.8.0/writer.ts": "18a46b755cc215695862d3a896b3a7b24b33cb7ee626cbebeb7138193cb7edcf",
    "https://deno.land/x/dotenv@v3.2.0/mod.ts": "077b48773de9205266a0b44c3c3a3c3083449ed64bb0b6cc461b95720678d38e",
    "https://deno.land/x/dotenv@v3.2.0/util.ts": "693730877b13f8ead2b79b2aa31e2a0652862f7dc0c5f6d2f313f4d39c7b7670",
    "https://deno.land/x/xml@2.0.4/mod.ts": "e0f63d82d3bb4c082e009956a34a2b3a31006dbdc28b25d27c5089feb8e9fa4f",
    "https://deno.land/x/xml@2.0.4/parse.ts": "db7c16f4bcb0d47fc704e2d7e11e54716d195e4ba9f8fd8a28aa09007c02749d",
    "https://deno.land/x/xml@2.0.4/stringify.ts": "67989ecd99f25a1c4730f8eb45ea3d9ca8c17ed083851593053a9198e0ca9fff",
    "https://deno.land/x/xml@2.0.4/utils/parser.ts": "b2dd27d70e0ff5e9a4f28b7b3e6e4e6ea54714b4695c628fc37050f20e5ee3a5",
    "https://deno.land/x/xml@2.0.4/utils/stream.ts": "f7a5b219e8c1981b8f48353167fb7eb116a8c0f84a375068d036a1ba848e0673",
    "https://deno.land/x/xml@2.0.4/utils/streamable.ts": "d6429add37e740b0a4f1970d8d55ae9798309805c5126e03963533872a20d81d",
    "https://deno.land/x/xml@2.0.4/utils/stringifier.ts": "094d4353b3f71b64dded80ed50e98c994b6da89957c91152f24d320f0082d67e",
    "https://deno.land/x/xml@2.0.4/utils/types.ts": "290c064b2b6bd9497bb67835488a2a9546437e06e54b295b214668a1b947e3e5"
  }
}
